
Microsoft Visual Studio Solution File, Format Version 12.00
# Visual Studio 15
VisualStudioVersion = 15.0.26430.13
MinimumVisualStudioVersion = 10.0.40219.1
Project("{FAE04EC0-301F-11D3-BF4B-00C04F79EFBC}") = "SAPWT.HELPER", "SAPWT.HELPER\SAPWT.HELPER.csproj", "{C1486711-771F-478C-84C3-DE7157EB7D16}"
EndProject
Project("{FAE04EC0-301F-11D3-BF4B-00C04F79EFBC}") = "SAPWT.DTO", "SAPWT.DTO\SAPWT.DTO.csproj", "{B4FC0376-C6EC-459D-88A1-62207E4B88F5}"
EndProject
Project("{FAE04EC0-301F-11D3-BF4B-00C04F79EFBC}") = "SAPWT.DATAACCESS", "SAPWT.DATAACCESS\SAPWT.DATAACCESS.csproj", "{243DDD29-1261-43A6-BA4E-D8F913B7C342}"
EndProject
Project("{FAE04EC0-301F-11D3-BF4B-00C04F79EFBC}") = "SAPWT.LOGIC", "SAPWT.LOGIC\SAPWT.LOGIC.csproj", "{3D372E90-2E08-4193-B7D6-D68F2A7A5C5C}"
EndProject
Project("{FAE04EC0-301F-11D3-BF4B-00C04F79EFBC}") = "SAPWT.MODEL", "SAPWT.MODEL\SAPWT.MODEL.csproj", "{EA95981F-2D1D-4402-BC64-494F63DA6326}"
EndProject
Project("{FAE04EC0-301F-11D3-BF4B-00C04F79EFBC}") = "SAPWT.EXCEPTION", "SAPWT.EXCEPTION\SAPWT.EXCEPTION.csproj", "{3D808226-0A8A-44C7-935D-DCDBF14A0A47}"
EndProject
Project("{FAE04EC0-301F-11D3-BF4B-00C04F79EFBC}") = "SAPWT", "SAPWT\SAPWT.csproj", "{8BCD9E3A-6C0C-4298-80DE-189429CFCDEF}"
EndProject
Project("{FAE04EC0-301F-11D3-BF4B-00C04F79EFBC}") = "SAPWT.TEST_LOGIC", "SAPWT.TEST_LOGIC\SAPWT.TEST_LOGIC.csproj", "{F8DD76D5-5FF5-41B8-8274-B9D1F9849C4D}"
EndProject
Project("{54435603-DBB4-11D2-8724-00A0C9A8B90C}") = "SAPWT.SETUP", "SAPWT.SETUP\SAPWT.SETUP.vdproj", "{65E8D90E-ABCE-407F-8AAC-0047E6F30C0C}"
EndProject
Global
	GlobalSection(SolutionConfigurationPlatforms) = preSolution
		Debug|Any CPU = Debug|Any CPU
		Release|Any CPU = Release|Any CPU
	EndGlobalSection
	GlobalSection(ProjectConfigurationPlatforms) = postSolution
		{C1486711-771F-478C-84C3-DE7157EB7D16}.Debug|Any CPU.ActiveCfg = Debug|Any CPU
		{C1486711-771F-478C-84C3-DE7157EB7D16}.Debug|Any CPU.Build.0 = Debug|Any CPU
		{C1486711-771F-478C-84C3-DE7157EB7D16}.Release|Any CPU.ActiveCfg = Release|Any CPU
		{C1486711-771F-478C-84C3-DE7157EB7D16}.Release|Any CPU.Build.0 = Release|Any CPU
		{B4FC0376-C6EC-459D-88A1-62207E4B88F5}.Debug|Any CPU.ActiveCfg = Debug|Any CPU
		{B4FC0376-C6EC-459D-88A1-62207E4B88F5}.Debug|Any CPU.Build.0 = Debug|Any CPU
		{B4FC0376-C6EC-459D-88A1-62207E4B88F5}.Release|Any CPU.ActiveCfg = Release|Any CPU
		{B4FC0376-C6EC-459D-88A1-62207E4B88F5}.Release|Any CPU.Build.0 = Release|Any CPU
		{243DDD29-1261-43A6-BA4E-D8F913B7C342}.Debug|Any CPU.ActiveCfg = Debug|Any CPU
		{243DDD29-1261-43A6-BA4E-D8F913B7C342}.Debug|Any CPU.Build.0 = Debug|Any CPU
		{243DDD29-1261-43A6-BA4E-D8F913B7C342}.Release|Any CPU.ActiveCfg = Release|Any CPU
		{243DDD29-1261-43A6-BA4E-D8F913B7C342}.Release|Any CPU.Build.0 = Release|Any CPU
		{3D372E90-2E08-4193-B7D6-D68F2A7A5C5C}.Debug|Any CPU.ActiveCfg = Debug|Any CPU
		{3D372E90-2E08-4193-B7D6-D68F2A7A5C5C}.Debug|Any CPU.Build.0 = Debug|Any CPU
		{3D372E90-2E08-4193-B7D6-D68F2A7A5C5C}.Release|Any CPU.ActiveCfg = Release|Any CPU
		{3D372E90-2E08-4193-B7D6-D68F2A7A5C5C}.Release|Any CPU.Build.0 = Release|Any CPU
		{EA95981F-2D1D-4402-BC64-494F63DA6326}.Debug|Any CPU.ActiveCfg = Debug|Any CPU
		{EA95981F-2D1D-4402-BC64-494F63DA6326}.Debug|Any CPU.Build.0 = Debug|Any CPU
		{EA95981F-2D1D-4402-BC64-494F63DA6326}.Release|Any CPU.ActiveCfg = Release|Any CPU
		{EA95981F-2D1D-4402-BC64-494F63DA6326}.Release|Any CPU.Build.0 = Release|Any CPU
		{3D808226-0A8A-44C7-935D-DCDBF14A0A47}.Debug|Any CPU.ActiveCfg = Debug|Any CPU
		{3D808226-0A8A-44C7-935D-DCDBF14A0A47}.Debug|Any CPU.Build.0 = Debug|Any CPU
		{3D808226-0A8A-44C7-935D-DCDBF14A0A47}.Release|Any CPU.ActiveCfg = Release|Any CPU
		{3D808226-0A8A-44C7-935D-DCDBF14A0A47}.Release|Any CPU.Build.0 = Release|Any CPU
		{8BCD9E3A-6C0C-4298-80DE-189429CFCDEF}.Debug|Any CPU.ActiveCfg = Debug|Any CPU
		{8BCD9E3A-6C0C-4298-80DE-189429CFCDEF}.Debug|Any CPU.Build.0 = Debug|Any CPU
		{8BCD9E3A-6C0C-4298-80DE-189429CFCDEF}.Release|Any CPU.ActiveCfg = Release|Any CPU
		{8BCD9E3A-6C0C-4298-80DE-189429CFCDEF}.Release|Any CPU.Build.0 = Release|Any CPU
		{F8DD76D5-5FF5-41B8-8274-B9D1F9849C4D}.Debug|Any CPU.ActiveCfg = Debug|Any CPU
		{F8DD76D5-5FF5-41B8-8274-B9D1F9849C4D}.Debug|Any CPU.Build.0 = Debug|Any CPU
		{F8DD76D5-5FF5-41B8-8274-B9D1F9849C4D}.Release|Any CPU.ActiveCfg = Release|Any CPU
		{F8DD76D5-5FF5-41B8-8274-B9D1F9849C4D}.Release|Any CPU.Build.0 = Release|Any CPU
		{65E8D90E-ABCE-407F-8AAC-0047E6F30C0C}.Debug|Any CPU.ActiveCfg = Debug
		{65E8D90E-ABCE-407F-8AAC-0047E6F30C0C}.Release|Any CPU.ActiveCfg = Release
	EndGlobalSection
	GlobalSection(SolutionProperties) = preSolution
		HideSolutionNode = FALSE
	EndGlobalSection
EndGlobal
